<?xml version="1.0" encoding="utf-8"?>
<Project ToolsVersion="4.0" xmlns="http://schemas.microsoft.com/developer/msbuild/2003">
  <ItemGroup>
    <ClCompile Include="src\main.cpp">
      <Filter>src</Filter>
    </ClCompile>
    <ClCompile Include="..\..\..\addons\ofxAssimpModelLoader\src\ofxAssimpAnimation.cpp">
      <Filter>addons\ofxAssimpModelLoader\src</Filter>
    </ClCompile>
    <ClCompile Include="..\..\..\addons\ofxAssimpModelLoader\src\ofxAssimpMeshHelper.cpp">
      <Filter>addons\ofxAssimpModelLoader\src</Filter>
    </ClCompile>
    <ClCompile Include="..\..\..\addons\ofxAssimpModelLoader\src\ofxAssimpModelLoader.cpp">
      <Filter>addons\ofxAssimpModelLoader\src</Filter>
    </ClCompile>
    <ClCompile Include="..\..\..\addons\ofxAssimpModelLoader\src\ofxAssimpTexture.cpp">
      <Filter>addons\ofxAssimpModelLoader\src</Filter>
    </ClCompile>
    <ClCompile Include="..\..\..\addons\ofxGui\src\ofxBaseGui.cpp">
      <Filter>addons\ofxGui\src</Filter>
    </ClCompile>
    <ClCompile Include="..\..\..\addons\ofxGui\src\ofxButton.cpp">
      <Filter>addons\ofxGui\src</Filter>
    </ClCompile>
    <ClCompile Include="..\..\..\addons\ofxGui\src\ofxColorPicker.cpp">
      <Filter>addons\ofxGui\src</Filter>
    </ClCompile>
    <ClCompile Include="..\..\..\addons\ofxGui\src\ofxGuiGroup.cpp">
      <Filter>addons\ofxGui\src</Filter>
    </ClCompile>
    <ClCompile Include="..\..\..\addons\ofxGui\src\ofxInputField.cpp">
      <Filter>addons\ofxGui\src</Filter>
    </ClCompile>
    <ClCompile Include="..\..\..\addons\ofxGui\src\ofxLabel.cpp">
      <Filter>addons\ofxGui\src</Filter>
    </ClCompile>
    <ClCompile Include="..\..\..\addons\ofxGui\src\ofxPanel.cpp">
      <Filter>addons\ofxGui\src</Filter>
    </ClCompile>
    <ClCompile Include="..\..\..\addons\ofxGui\src\ofxSlider.cpp">
      <Filter>addons\ofxGui\src</Filter>
    </ClCompile>
    <ClCompile Include="..\..\..\addons\ofxGui\src\ofxSliderGroup.cpp">
      <Filter>addons\ofxGui\src</Filter>
    </ClCompile>
    <ClCompile Include="..\..\..\addons\ofxGui\src\ofxToggle.cpp">
      <Filter>addons\ofxGui\src</Filter>
    </ClCompile>
    <ClCompile Include="src\app\application.cpp">
      <Filter>src\app</Filter>
    </ClCompile>
    <ClCompile Include="src\image\imageManager.cpp">
      <Filter>src\image</Filter>
    </ClCompile>
    <ClCompile Include="src\rendering\renderer.cpp">
      <Filter>src\rendering</Filter>
    </ClCompile>
    <ClCompile Include="src\rendering\shaderManager.cpp">
      <Filter>src\rendering</Filter>
    </ClCompile>
    <ClCompile Include="src\ui\uiWindow.cpp">
      <Filter>src\ui</Filter>
    </ClCompile>
    <ClCompile Include="src\objects\shapeManager.cpp">
      <Filter>src\objects</Filter>
    </ClCompile>
    <ClCompile Include="src\objects\shapeManager3D.cpp">
      <Filter>src\objects</Filter>
    </ClCompile>
    <ClCompile Include="src\objects\BezierCurve.cpp">
      <Filter>src\objects</Filter>
    </ClCompile>
    <ClCompile Include="src\objects\curveManager.cpp">
      <Filter>src\objects</Filter>
    </ClCompile>
    <ClCompile Include="src\objects\controlPointsManager.cpp">
      <Filter>src\objects</Filter>
    </ClCompile>
    <ClCompile Include="src\controllers\imageController.cpp">
      <Filter>src\controllers</Filter>
    </ClCompile>
    <ClCompile Include="src\controllers\curvesController.cpp">
      <Filter>src\controllers</Filter>
    </ClCompile>
    <ClCompile Include="src\controllers\curvesController.h">
      <Filter>src\controllers</Filter>
    </ClCompile>
    <ClCompile Include="src\controllers\sceneController.cpp">
      <Filter>src\controllers</Filter>
    </ClCompile>
    <ClCompile Include="src\controllers\transformController.cpp">
      <Filter>src\controllers</Filter>
    </ClCompile>
    <ClCompile Include="src\objects\sceneGraph.cpp">
      <Filter>src\objects</Filter>
    </ClCompile>
    <ClCompile Include="src\rendering\camera\cameraManager.cpp">
      <Filter>src\rendering\camera</Filter>
    </ClCompile>
    <ClCompile Include="src\rendering\curves\bezierCurveRenderer.cpp">
      <Filter>src\rendering\curves</Filter>
    </ClCompile>
    <ClCompile Include="src\rendering\curves\controlPointsRenderer.cpp">
      <Filter>src\rendering\curves</Filter>
    </ClCompile>
    <ClCompile Include="src\rendering\curves\curvesRenderer.cpp">
      <Filter>src\rendering\curves</Filter>
    </ClCompile>
    <ClCompile Include="src\rendering\image\imageRenderer.cpp">
      <Filter>src\rendering\image</Filter>
    </ClCompile>
    <ClCompile Include="src\rendering\scene\sceneRenderer.cpp">
      <Filter>src\rendering\scene</Filter>
    </ClCompile>
    <ClCompile Include="src\rendering\shapes\shape2DRenderer.cpp">
      <Filter>src\rendering\shapes</Filter>
    </ClCompile>
    <ClCompile Include="src\rendering\shapes\shape3DRenderer.cpp">
      <Filter>src\rendering\shapes</Filter>
    </ClCompile>
    <ClCompile Include="src\services\transformServices.cpp">
      <Filter>src\services</Filter>
    </ClCompile>
    <ClCompile Include="src\services\selectionService.cpp">
      <Filter>src\services</Filter>
    </ClCompile>
    <ClCompile Include="src\ui\panels\curvesPanel.cpp">
      <Filter>src\ui\panels</Filter>
    </ClCompile>
    <ClCompile Include="src\ui\panels\drawingPanel.cpp">
      <Filter>src\ui\panels</Filter>
    </ClCompile>
    <ClCompile Include="src\ui\panels\drawingParametersPanel.cpp">
      <Filter>src\ui\panels</Filter>
    </ClCompile>
    <ClCompile Include="src\ui\panels\imagePanel.cpp">
      <Filter>src\ui\panels</Filter>
    </ClCompile>
    <ClCompile Include="src\ui\panels\infoPanel.cpp">
      <Filter>src\ui\panels</Filter>
    </ClCompile>
    <ClCompile Include="src\ui\panels\transformPanel.cpp">
      <Filter>src\ui\panels</Filter>
    </ClCompile>
    <ClCompile Include="src\ui\panels\vectorEditionPanel.cpp">
      <Filter>src\ui\panels</Filter>
    </ClCompile>
    <ClCompile Include="src\ui\panels\view3DPanel.cpp">
      <Filter>src\ui\panels</Filter>
    </ClCompile>
    <ClCompile Include="src\ui\panels\3dEdition\cameraPanel.cpp">
      <Filter>src\ui\panels\3dEdition</Filter>
    </ClCompile>
    <ClCompile Include="src\ui\panels\3dEdition\geometry3DPanel.cpp">
      <Filter>src\ui\panels\3dEdition</Filter>
    </ClCompile>
    <ClCompile Include="src\ui\panels\3dEdition\lightingPanel.cpp">
      <Filter>src\ui\panels\3dEdition</Filter>
    </ClCompile>
    <ClCompile Include="src\ui\panels\3dEdition\rayTracingPanel.cpp">
      <Filter>src\ui\panels\3dEdition</Filter>
    </ClCompile>
    <ClCompile Include="src\ui\panels\3dEdition\sceneAssetsPanel.cpp">
      <Filter>src\ui\panels\3dEdition</Filter>
    </ClCompile>
    <ClCompile Include="src\ui\panels\3dEdition\texture3DPanel.cpp">
      <Filter>src\ui\panels\3dEdition</Filter>
    </ClCompile>
    <ClCompile Include="src\ui\panels\3dEdition\topologyPanel.cpp">
      <Filter>src\ui\panels\3dEdition</Filter>
    </ClCompile>
    <ClCompile Include="src\ui\panels\3dEdition\transformation3DPanel.cpp">
      <Filter>src\ui\panels\3dEdition</Filter>
    </ClCompile>
    <ClCompile Include="src\utils\Model3DImportManager.cpp">
      <Filter>src\utils</Filter>
    </ClCompile>
    <ClCompile Include="src\objects\lightingManager.cpp">
      <Filter>src\objects</Filter>
    </ClCompile>
    <ClCompile Include="src\controllers\lightingController.cpp">
      <Filter>src\controllers</Filter>
    </ClCompile>
  </ItemGroup>
  <ItemGroup>
    <Filter Include="src">
      <UniqueIdentifier>{d8376475-7454-4a24-b08a-aac121d3ad6f}</UniqueIdentifier>
    </Filter>
    <Filter Include="addons">
      <UniqueIdentifier>{A4A688F9--FBA-B-43-21-A-E5B-7389BFFEEF67}</UniqueIdentifier>
    </Filter>
    <Filter Include="addons\ofxAssimpModelLoader">
      <UniqueIdentifier>{D87C3EB5--190-E-4B-43-A-291-E6F658A53D9E}</UniqueIdentifier>
    </Filter>
    <Filter Include="addons\ofxAssimpModelLoader\src">
      <UniqueIdentifier>{F2048927--CB3-5-4A-EA-9-C9E-C84FFECB6548}</UniqueIdentifier>
    </Filter>
    <Filter Include="addons\ofxAssimpModelLoader\libs">
      <UniqueIdentifier>{A0CA4544--CFC-E-43-FD-B-A7D-38FC061063C5}</UniqueIdentifier>
    </Filter>
    <Filter Include="addons\ofxAssimpModelLoader\libs\assimp">
      <UniqueIdentifier>{56EE27BB--EF5-9-43-A6-9-27A-E5BA34545B7D}</UniqueIdentifier>
    </Filter>
    <Filter Include="addons\ofxAssimpModelLoader\libs\assimp\include">
      <UniqueIdentifier>{35B15FBC--F2B-2-4C-15-B-C5E-4937C7CD4552}</UniqueIdentifier>
    </Filter>
    <Filter Include="addons\ofxAssimpModelLoader\libs\assimp\include\assimp">
      <UniqueIdentifier>{360C409A--CA9-2-4E-05-9-765-6398228D2B7E}</UniqueIdentifier>
    </Filter>
    <Filter Include="addons\ofxAssimpModelLoader\libs\assimp\include\assimp\Compiler">
      <UniqueIdentifier>{A658125B--BE2-D-4B-5B-8-8E6-36C8F58ADA13}</UniqueIdentifier>
    </Filter>
    <Filter Include="addons\ofxAssimpModelLoader\libs\assimp\include\assimp\port">
      <UniqueIdentifier>{15998BE2--C50-B-4C-08-A-BC4-942B07FB9EB7}</UniqueIdentifier>
    </Filter>
    <Filter Include="addons\ofxAssimpModelLoader\libs\assimp\include\assimp\port\AndroidJNI">
      <UniqueIdentifier>{1E364CBD--B5C-7-41-0D-8-8DB-70CB73DF03DD}</UniqueIdentifier>
    </Filter>
    <Filter Include="addons\ofxGui">
      <UniqueIdentifier>{13A8F6F5--BE0-4-49-27-A-07C-2AD8C8AC46BD}</UniqueIdentifier>
    </Filter>
    <Filter Include="addons\ofxGui\src">
      <UniqueIdentifier>{6EC2C09B--B6B-F-45-9D-B-5A1-93BB371FD835}</UniqueIdentifier>
    </Filter>
    <Filter Include="src\app">
      <UniqueIdentifier>{7381fd34-f30a-433b-9739-246b50c40645}</UniqueIdentifier>
    </Filter>
    <Filter Include="src\rendering">
      <UniqueIdentifier>{2bb5bba0-a007-4fc9-aacd-9a0cbc88886a}</UniqueIdentifier>
    </Filter>
    <Filter Include="src\ui">
      <UniqueIdentifier>{f2760205-589a-4a26-9160-7107738edfca}</UniqueIdentifier>
    </Filter>
    <Filter Include="src\objects">
      <UniqueIdentifier>{da96ce0f-9d12-429e-b6bc-ebd4474c3594}</UniqueIdentifier>
    </Filter>
    <Filter Include="src\image">
      <UniqueIdentifier>{2e66e3bb-5ea7-4f58-b9b0-828b438b4923}</UniqueIdentifier>
    </Filter>
    <Filter Include="src\controllers">
      <UniqueIdentifier>{8046cde9-38a4-4a20-96c3-26f5b92629f5}</UniqueIdentifier>
    </Filter>
    <Filter Include="src\rendering\camera">
      <UniqueIdentifier>{16e84faa-4319-489e-8384-47011c91c7ee}</UniqueIdentifier>
    </Filter>
    <Filter Include="src\rendering\curves">
      <UniqueIdentifier>{af7d7187-3560-4d7c-8f08-fb369d41579b}</UniqueIdentifier>
    </Filter>
    <Filter Include="src\rendering\image">
      <UniqueIdentifier>{5b4d9046-404c-402d-8f06-c74588e28a74}</UniqueIdentifier>
    </Filter>
    <Filter Include="src\rendering\scene">
      <UniqueIdentifier>{d0123ec4-eb32-44e0-a69d-1257410b342c}</UniqueIdentifier>
    </Filter>
    <Filter Include="src\rendering\shapes">
      <UniqueIdentifier>{c9cc1406-e96a-4ce0-bca1-c8f993f5e639}</UniqueIdentifier>
    </Filter>
    <Filter Include="src\services">
      <UniqueIdentifier>{03e8d2b9-610c-4c2b-8036-e569713428ed}</UniqueIdentifier>
    </Filter>
    <Filter Include="src\ui\panels">
      <UniqueIdentifier>{9ab70af0-d933-4b13-80f4-9522ff0b8b19}</UniqueIdentifier>
    </Filter>
    <Filter Include="src\ui\panels\3dEdition">
      <UniqueIdentifier>{ebaff9eb-522c-421e-bfb6-78a68601811d}</UniqueIdentifier>
    </Filter>
    <Filter Include="src\utils">
      <UniqueIdentifier>{474245bd-3de6-4808-a2f4-54be2dedb662}</UniqueIdentifier>
    </Filter>
    <Filter Include="src\rendering\shaders">
      <UniqueIdentifier>{c69af5ed-80fd-4697-9fe1-0ac03caa2d93}</UniqueIdentifier>
    </Filter>
  </ItemGroup>
  <ItemGroup>
    <ClInclude Include="..\..\..\addons\ofxAssimpModelLoader\src\ofxAssimpAnimation.h">
      <Filter>addons\ofxAssimpModelLoader\src</Filter>
    </ClInclude>
    <ClInclude Include="..\..\..\addons\ofxAssimpModelLoader\src\ofxAssimpMeshHelper.h">
      <Filter>addons\ofxAssimpModelLoader\src</Filter>
    </ClInclude>
    <ClInclude Include="..\..\..\addons\ofxAssimpModelLoader\src\ofxAssimpModelLoader.h">
      <Filter>addons\ofxAssimpModelLoader\src</Filter>
    </ClInclude>
    <ClInclude Include="..\..\..\addons\ofxAssimpModelLoader\src\ofxAssimpTexture.h">
      <Filter>addons\ofxAssimpModelLoader\src</Filter>
    </ClInclude>
    <ClInclude Include="..\..\..\addons\ofxAssimpModelLoader\src\ofxAssimpUtils.h">
      <Filter>addons\ofxAssimpModelLoader\src</Filter>
    </ClInclude>
    <ClInclude Include="..\..\..\addons\ofxAssimpModelLoader\libs\assimp\include\assimp\aabb.h">
      <Filter>addons\ofxAssimpModelLoader\libs\assimp\include\assimp</Filter>
    </ClInclude>
    <ClInclude Include="..\..\..\addons\ofxAssimpModelLoader\libs\assimp\include\assimp\ai_assert.h">
      <Filter>addons\ofxAssimpModelLoader\libs\assimp\include\assimp</Filter>
    </ClInclude>
    <ClInclude Include="..\..\..\addons\ofxAssimpModelLoader\libs\assimp\include\assimp\anim.h">
      <Filter>addons\ofxAssimpModelLoader\libs\assimp\include\assimp</Filter>
    </ClInclude>
    <ClInclude Include="..\..\..\addons\ofxAssimpModelLoader\libs\assimp\include\assimp\AssertHandler.h">
      <Filter>addons\ofxAssimpModelLoader\libs\assimp\include\assimp</Filter>
    </ClInclude>
    <ClInclude Include="..\..\..\addons\ofxAssimpModelLoader\libs\assimp\include\assimp\Base64.hpp">
      <Filter>addons\ofxAssimpModelLoader\libs\assimp\include\assimp</Filter>
    </ClInclude>
    <ClInclude Include="..\..\..\addons\ofxAssimpModelLoader\libs\assimp\include\assimp\BaseImporter.h">
      <Filter>addons\ofxAssimpModelLoader\libs\assimp\include\assimp</Filter>
    </ClInclude>
    <ClInclude Include="..\..\..\addons\ofxAssimpModelLoader\libs\assimp\include\assimp\Bitmap.h">
      <Filter>addons\ofxAssimpModelLoader\libs\assimp\include\assimp</Filter>
    </ClInclude>
    <ClInclude Include="..\..\..\addons\ofxAssimpModelLoader\libs\assimp\include\assimp\BlobIOSystem.h">
      <Filter>addons\ofxAssimpModelLoader\libs\assimp\include\assimp</Filter>
    </ClInclude>
    <ClInclude Include="..\..\..\addons\ofxAssimpModelLoader\libs\assimp\include\assimp\ByteSwapper.h">
      <Filter>addons\ofxAssimpModelLoader\libs\assimp\include\assimp</Filter>
    </ClInclude>
    <ClInclude Include="..\..\..\addons\ofxAssimpModelLoader\libs\assimp\include\assimp\camera.h">
      <Filter>addons\ofxAssimpModelLoader\libs\assimp\include\assimp</Filter>
    </ClInclude>
    <ClInclude Include="..\..\..\addons\ofxAssimpModelLoader\libs\assimp\include\assimp\cexport.h">
      <Filter>addons\ofxAssimpModelLoader\libs\assimp\include\assimp</Filter>
    </ClInclude>
    <ClInclude Include="..\..\..\addons\ofxAssimpModelLoader\libs\assimp\include\assimp\cfileio.h">
      <Filter>addons\ofxAssimpModelLoader\libs\assimp\include\assimp</Filter>
    </ClInclude>
    <ClInclude Include="..\..\..\addons\ofxAssimpModelLoader\libs\assimp\include\assimp\cimport.h">
      <Filter>addons\ofxAssimpModelLoader\libs\assimp\include\assimp</Filter>
    </ClInclude>
    <ClInclude Include="..\..\..\addons\ofxAssimpModelLoader\libs\assimp\include\assimp\ColladaMetaData.h">
      <Filter>addons\ofxAssimpModelLoader\libs\assimp\include\assimp</Filter>
    </ClInclude>
    <ClInclude Include="..\..\..\addons\ofxAssimpModelLoader\libs\assimp\include\assimp\color4.h">
      <Filter>addons\ofxAssimpModelLoader\libs\assimp\include\assimp</Filter>
    </ClInclude>
    <ClInclude Include="..\..\..\addons\ofxAssimpModelLoader\libs\assimp\include\assimp\commonMetaData.h">
      <Filter>addons\ofxAssimpModelLoader\libs\assimp\include\assimp</Filter>
    </ClInclude>
    <ClInclude Include="..\..\..\addons\ofxAssimpModelLoader\libs\assimp\include\assimp\Compiler\poppack1.h">
      <Filter>addons\ofxAssimpModelLoader\libs\assimp\include\assimp\Compiler</Filter>
    </ClInclude>
    <ClInclude Include="..\..\..\addons\ofxAssimpModelLoader\libs\assimp\include\assimp\Compiler\pstdint.h">
      <Filter>addons\ofxAssimpModelLoader\libs\assimp\include\assimp\Compiler</Filter>
    </ClInclude>
    <ClInclude Include="..\..\..\addons\ofxAssimpModelLoader\libs\assimp\include\assimp\Compiler\pushpack1.h">
      <Filter>addons\ofxAssimpModelLoader\libs\assimp\include\assimp\Compiler</Filter>
    </ClInclude>
    <ClInclude Include="..\..\..\addons\ofxAssimpModelLoader\libs\assimp\include\assimp\config.h">
      <Filter>addons\ofxAssimpModelLoader\libs\assimp\include\assimp</Filter>
    </ClInclude>
    <ClInclude Include="..\..\..\addons\ofxAssimpModelLoader\libs\assimp\include\assimp\CreateAnimMesh.h">
      <Filter>addons\ofxAssimpModelLoader\libs\assimp\include\assimp</Filter>
    </ClInclude>
    <ClInclude Include="..\..\..\addons\ofxAssimpModelLoader\libs\assimp\include\assimp\DefaultIOStream.h">
      <Filter>addons\ofxAssimpModelLoader\libs\assimp\include\assimp</Filter>
    </ClInclude>
    <ClInclude Include="..\..\..\addons\ofxAssimpModelLoader\libs\assimp\include\assimp\DefaultIOSystem.h">
      <Filter>addons\ofxAssimpModelLoader\libs\assimp\include\assimp</Filter>
    </ClInclude>
    <ClInclude Include="..\..\..\addons\ofxAssimpModelLoader\libs\assimp\include\assimp\DefaultLogger.hpp">
      <Filter>addons\ofxAssimpModelLoader\libs\assimp\include\assimp</Filter>
    </ClInclude>
    <ClInclude Include="..\..\..\addons\ofxAssimpModelLoader\libs\assimp\include\assimp\defs.h">
      <Filter>addons\ofxAssimpModelLoader\libs\assimp\include\assimp</Filter>
    </ClInclude>
    <ClInclude Include="..\..\..\addons\ofxAssimpModelLoader\libs\assimp\include\assimp\Exceptional.h">
      <Filter>addons\ofxAssimpModelLoader\libs\assimp\include\assimp</Filter>
    </ClInclude>
    <ClInclude Include="..\..\..\addons\ofxAssimpModelLoader\libs\assimp\include\assimp\Exporter.hpp">
      <Filter>addons\ofxAssimpModelLoader\libs\assimp\include\assimp</Filter>
    </ClInclude>
    <ClInclude Include="..\..\..\addons\ofxAssimpModelLoader\libs\assimp\include\assimp\fast_atof.h">
      <Filter>addons\ofxAssimpModelLoader\libs\assimp\include\assimp</Filter>
    </ClInclude>
    <ClInclude Include="..\..\..\addons\ofxAssimpModelLoader\libs\assimp\include\assimp\GenericProperty.h">
      <Filter>addons\ofxAssimpModelLoader\libs\assimp\include\assimp</Filter>
    </ClInclude>
    <ClInclude Include="..\..\..\addons\ofxAssimpModelLoader\libs\assimp\include\assimp\GltfMaterial.h">
      <Filter>addons\ofxAssimpModelLoader\libs\assimp\include\assimp</Filter>
    </ClInclude>
    <ClInclude Include="..\..\..\addons\ofxAssimpModelLoader\libs\assimp\include\assimp\Hash.h">
      <Filter>addons\ofxAssimpModelLoader\libs\assimp\include\assimp</Filter>
    </ClInclude>
    <ClInclude Include="..\..\..\addons\ofxAssimpModelLoader\libs\assimp\include\assimp\Importer.hpp">
      <Filter>addons\ofxAssimpModelLoader\libs\assimp\include\assimp</Filter>
    </ClInclude>
    <ClInclude Include="..\..\..\addons\ofxAssimpModelLoader\libs\assimp\include\assimp\importerdesc.h">
      <Filter>addons\ofxAssimpModelLoader\libs\assimp\include\assimp</Filter>
    </ClInclude>
    <ClInclude Include="..\..\..\addons\ofxAssimpModelLoader\libs\assimp\include\assimp\IOStream.hpp">
      <Filter>addons\ofxAssimpModelLoader\libs\assimp\include\assimp</Filter>
    </ClInclude>
    <ClInclude Include="..\..\..\addons\ofxAssimpModelLoader\libs\assimp\include\assimp\IOStreamBuffer.h">
      <Filter>addons\ofxAssimpModelLoader\libs\assimp\include\assimp</Filter>
    </ClInclude>
    <ClInclude Include="..\..\..\addons\ofxAssimpModelLoader\libs\assimp\include\assimp\IOSystem.hpp">
      <Filter>addons\ofxAssimpModelLoader\libs\assimp\include\assimp</Filter>
    </ClInclude>
    <ClInclude Include="..\..\..\addons\ofxAssimpModelLoader\libs\assimp\include\assimp\light.h">
      <Filter>addons\ofxAssimpModelLoader\libs\assimp\include\assimp</Filter>
    </ClInclude>
    <ClInclude Include="..\..\..\addons\ofxAssimpModelLoader\libs\assimp\include\assimp\LineSplitter.h">
      <Filter>addons\ofxAssimpModelLoader\libs\assimp\include\assimp</Filter>
    </ClInclude>
    <ClInclude Include="..\..\..\addons\ofxAssimpModelLoader\libs\assimp\include\assimp\LogAux.h">
      <Filter>addons\ofxAssimpModelLoader\libs\assimp\include\assimp</Filter>
    </ClInclude>
    <ClInclude Include="..\..\..\addons\ofxAssimpModelLoader\libs\assimp\include\assimp\Logger.hpp">
      <Filter>addons\ofxAssimpModelLoader\libs\assimp\include\assimp</Filter>
    </ClInclude>
    <ClInclude Include="..\..\..\addons\ofxAssimpModelLoader\libs\assimp\include\assimp\LogStream.hpp">
      <Filter>addons\ofxAssimpModelLoader\libs\assimp\include\assimp</Filter>
    </ClInclude>
    <ClInclude Include="..\..\..\addons\ofxAssimpModelLoader\libs\assimp\include\assimp\material.h">
      <Filter>addons\ofxAssimpModelLoader\libs\assimp\include\assimp</Filter>
    </ClInclude>
    <ClInclude Include="..\..\..\addons\ofxAssimpModelLoader\libs\assimp\include\assimp\MathFunctions.h">
      <Filter>addons\ofxAssimpModelLoader\libs\assimp\include\assimp</Filter>
    </ClInclude>
    <ClInclude Include="..\..\..\addons\ofxAssimpModelLoader\libs\assimp\include\assimp\matrix3x3.h">
      <Filter>addons\ofxAssimpModelLoader\libs\assimp\include\assimp</Filter>
    </ClInclude>
    <ClInclude Include="..\..\..\addons\ofxAssimpModelLoader\libs\assimp\include\assimp\matrix4x4.h">
      <Filter>addons\ofxAssimpModelLoader\libs\assimp\include\assimp</Filter>
    </ClInclude>
    <ClInclude Include="..\..\..\addons\ofxAssimpModelLoader\libs\assimp\include\assimp\MemoryIOWrapper.h">
      <Filter>addons\ofxAssimpModelLoader\libs\assimp\include\assimp</Filter>
    </ClInclude>
    <ClInclude Include="..\..\..\addons\ofxAssimpModelLoader\libs\assimp\include\assimp\mesh.h">
      <Filter>addons\ofxAssimpModelLoader\libs\assimp\include\assimp</Filter>
    </ClInclude>
    <ClInclude Include="..\..\..\addons\ofxAssimpModelLoader\libs\assimp\include\assimp\metadata.h">
      <Filter>addons\ofxAssimpModelLoader\libs\assimp\include\assimp</Filter>
    </ClInclude>
    <ClInclude Include="..\..\..\addons\ofxAssimpModelLoader\libs\assimp\include\assimp\NullLogger.hpp">
      <Filter>addons\ofxAssimpModelLoader\libs\assimp\include\assimp</Filter>
    </ClInclude>
    <ClInclude Include="..\..\..\addons\ofxAssimpModelLoader\libs\assimp\include\assimp\ObjMaterial.h">
      <Filter>addons\ofxAssimpModelLoader\libs\assimp\include\assimp</Filter>
    </ClInclude>
    <ClInclude Include="..\..\..\addons\ofxAssimpModelLoader\libs\assimp\include\assimp\ParsingUtils.h">
      <Filter>addons\ofxAssimpModelLoader\libs\assimp\include\assimp</Filter>
    </ClInclude>
    <ClInclude Include="..\..\..\addons\ofxAssimpModelLoader\libs\assimp\include\assimp\pbrmaterial.h">
      <Filter>addons\ofxAssimpModelLoader\libs\assimp\include\assimp</Filter>
    </ClInclude>
    <ClInclude Include="..\..\..\addons\ofxAssimpModelLoader\libs\assimp\include\assimp\port\AndroidJNI\AndroidJNIIOSystem.h">
      <Filter>addons\ofxAssimpModelLoader\libs\assimp\include\assimp\port\AndroidJNI</Filter>
    </ClInclude>
    <ClInclude Include="..\..\..\addons\ofxAssimpModelLoader\libs\assimp\include\assimp\port\AndroidJNI\BundledAssetIOSystem.h">
      <Filter>addons\ofxAssimpModelLoader\libs\assimp\include\assimp\port\AndroidJNI</Filter>
    </ClInclude>
    <ClInclude Include="..\..\..\addons\ofxAssimpModelLoader\libs\assimp\include\assimp\postprocess.h">
      <Filter>addons\ofxAssimpModelLoader\libs\assimp\include\assimp</Filter>
    </ClInclude>
    <ClInclude Include="..\..\..\addons\ofxAssimpModelLoader\libs\assimp\include\assimp\Profiler.h">
      <Filter>addons\ofxAssimpModelLoader\libs\assimp\include\assimp</Filter>
    </ClInclude>
    <ClInclude Include="..\..\..\addons\ofxAssimpModelLoader\libs\assimp\include\assimp\ProgressHandler.hpp">
      <Filter>addons\ofxAssimpModelLoader\libs\assimp\include\assimp</Filter>
    </ClInclude>
    <ClInclude Include="..\..\..\addons\ofxAssimpModelLoader\libs\assimp\include\assimp\qnan.h">
      <Filter>addons\ofxAssimpModelLoader\libs\assimp\include\assimp</Filter>
    </ClInclude>
    <ClInclude Include="..\..\..\addons\ofxAssimpModelLoader\libs\assimp\include\assimp\quaternion.h">
      <Filter>addons\ofxAssimpModelLoader\libs\assimp\include\assimp</Filter>
    </ClInclude>
    <ClInclude Include="..\..\..\addons\ofxAssimpModelLoader\libs\assimp\include\assimp\RemoveComments.h">
      <Filter>addons\ofxAssimpModelLoader\libs\assimp\include\assimp</Filter>
    </ClInclude>
    <ClInclude Include="..\..\..\addons\ofxAssimpModelLoader\libs\assimp\include\assimp\revision.h">
      <Filter>addons\ofxAssimpModelLoader\libs\assimp\include\assimp</Filter>
    </ClInclude>
    <ClInclude Include="..\..\..\addons\ofxAssimpModelLoader\libs\assimp\include\assimp\scene.h">
      <Filter>addons\ofxAssimpModelLoader\libs\assimp\include\assimp</Filter>
    </ClInclude>
    <ClInclude Include="..\..\..\addons\ofxAssimpModelLoader\libs\assimp\include\assimp\SceneCombiner.h">
      <Filter>addons\ofxAssimpModelLoader\libs\assimp\include\assimp</Filter>
    </ClInclude>
    <ClInclude Include="..\..\..\addons\ofxAssimpModelLoader\libs\assimp\include\assimp\SGSpatialSort.h">
      <Filter>addons\ofxAssimpModelLoader\libs\assimp\include\assimp</Filter>
    </ClInclude>
    <ClInclude Include="..\..\..\addons\ofxAssimpModelLoader\libs\assimp\include\assimp\SkeletonMeshBuilder.h">
      <Filter>addons\ofxAssimpModelLoader\libs\assimp\include\assimp</Filter>
    </ClInclude>
    <ClInclude Include="..\..\..\addons\ofxAssimpModelLoader\libs\assimp\include\assimp\SmallVector.h">
      <Filter>addons\ofxAssimpModelLoader\libs\assimp\include\assimp</Filter>
    </ClInclude>
    <ClInclude Include="..\..\..\addons\ofxAssimpModelLoader\libs\assimp\include\assimp\SmoothingGroups.h">
      <Filter>addons\ofxAssimpModelLoader\libs\assimp\include\assimp</Filter>
    </ClInclude>
    <ClInclude Include="..\..\..\addons\ofxAssimpModelLoader\libs\assimp\include\assimp\SpatialSort.h">
      <Filter>addons\ofxAssimpModelLoader\libs\assimp\include\assimp</Filter>
    </ClInclude>
    <ClInclude Include="..\..\..\addons\ofxAssimpModelLoader\libs\assimp\include\assimp\StandardShapes.h">
      <Filter>addons\ofxAssimpModelLoader\libs\assimp\include\assimp</Filter>
    </ClInclude>
    <ClInclude Include="..\..\..\addons\ofxAssimpModelLoader\libs\assimp\include\assimp\StreamReader.h">
      <Filter>addons\ofxAssimpModelLoader\libs\assimp\include\assimp</Filter>
    </ClInclude>
    <ClInclude Include="..\..\..\addons\ofxAssimpModelLoader\libs\assimp\include\assimp\StreamWriter.h">
      <Filter>addons\ofxAssimpModelLoader\libs\assimp\include\assimp</Filter>
    </ClInclude>
    <ClInclude Include="..\..\..\addons\ofxAssimpModelLoader\libs\assimp\include\assimp\StringComparison.h">
      <Filter>addons\ofxAssimpModelLoader\libs\assimp\include\assimp</Filter>
    </ClInclude>
    <ClInclude Include="..\..\..\addons\ofxAssimpModelLoader\libs\assimp\include\assimp\StringUtils.h">
      <Filter>addons\ofxAssimpModelLoader\libs\assimp\include\assimp</Filter>
    </ClInclude>
    <ClInclude Include="..\..\..\addons\ofxAssimpModelLoader\libs\assimp\include\assimp\Subdivision.h">
      <Filter>addons\ofxAssimpModelLoader\libs\assimp\include\assimp</Filter>
    </ClInclude>
    <ClInclude Include="..\..\..\addons\ofxAssimpModelLoader\libs\assimp\include\assimp\texture.h">
      <Filter>addons\ofxAssimpModelLoader\libs\assimp\include\assimp</Filter>
    </ClInclude>
    <ClInclude Include="..\..\..\addons\ofxAssimpModelLoader\libs\assimp\include\assimp\TinyFormatter.h">
      <Filter>addons\ofxAssimpModelLoader\libs\assimp\include\assimp</Filter>
    </ClInclude>
    <ClInclude Include="..\..\..\addons\ofxAssimpModelLoader\libs\assimp\include\assimp\types.h">
      <Filter>addons\ofxAssimpModelLoader\libs\assimp\include\assimp</Filter>
    </ClInclude>
    <ClInclude Include="..\..\..\addons\ofxAssimpModelLoader\libs\assimp\include\assimp\vector2.h">
      <Filter>addons\ofxAssimpModelLoader\libs\assimp\include\assimp</Filter>
    </ClInclude>
    <ClInclude Include="..\..\..\addons\ofxAssimpModelLoader\libs\assimp\include\assimp\vector3.h">
      <Filter>addons\ofxAssimpModelLoader\libs\assimp\include\assimp</Filter>
    </ClInclude>
    <ClInclude Include="..\..\..\addons\ofxAssimpModelLoader\libs\assimp\include\assimp\version.h">
      <Filter>addons\ofxAssimpModelLoader\libs\assimp\include\assimp</Filter>
    </ClInclude>
    <ClInclude Include="..\..\..\addons\ofxAssimpModelLoader\libs\assimp\include\assimp\Vertex.h">
      <Filter>addons\ofxAssimpModelLoader\libs\assimp\include\assimp</Filter>
    </ClInclude>
    <ClInclude Include="..\..\..\addons\ofxAssimpModelLoader\libs\assimp\include\assimp\XmlParser.h">
      <Filter>addons\ofxAssimpModelLoader\libs\assimp\include\assimp</Filter>
    </ClInclude>
    <ClInclude Include="..\..\..\addons\ofxAssimpModelLoader\libs\assimp\include\assimp\XMLTools.h">
      <Filter>addons\ofxAssimpModelLoader\libs\assimp\include\assimp</Filter>
    </ClInclude>
    <ClInclude Include="..\..\..\addons\ofxAssimpModelLoader\libs\assimp\include\assimp\ZipArchiveIOSystem.h">
      <Filter>addons\ofxAssimpModelLoader\libs\assimp\include\assimp</Filter>
    </ClInclude>
    <ClInclude Include="..\..\..\addons\ofxGui\src\ofxBaseGui.h">
      <Filter>addons\ofxGui\src</Filter>
    </ClInclude>
    <ClInclude Include="..\..\..\addons\ofxGui\src\ofxButton.h">
      <Filter>addons\ofxGui\src</Filter>
    </ClInclude>
    <ClInclude Include="..\..\..\addons\ofxGui\src\ofxColorPicker.h">
      <Filter>addons\ofxGui\src</Filter>
    </ClInclude>
    <ClInclude Include="..\..\..\addons\ofxGui\src\ofxGui.h">
      <Filter>addons\ofxGui\src</Filter>
    </ClInclude>
    <ClInclude Include="..\..\..\addons\ofxGui\src\ofxGuiGroup.h">
      <Filter>addons\ofxGui\src</Filter>
    </ClInclude>
    <ClInclude Include="..\..\..\addons\ofxGui\src\ofxGuiUtils.h">
      <Filter>addons\ofxGui\src</Filter>
    </ClInclude>
    <ClInclude Include="..\..\..\addons\ofxGui\src\ofxInputField.h">
      <Filter>addons\ofxGui\src</Filter>
    </ClInclude>
    <ClInclude Include="..\..\..\addons\ofxGui\src\ofxLabel.h">
      <Filter>addons\ofxGui\src</Filter>
    </ClInclude>
    <ClInclude Include="..\..\..\addons\ofxGui\src\ofxPanel.h">
      <Filter>addons\ofxGui\src</Filter>
    </ClInclude>
    <ClInclude Include="..\..\..\addons\ofxGui\src\ofxSlider.h">
      <Filter>addons\ofxGui\src</Filter>
    </ClInclude>
    <ClInclude Include="..\..\..\addons\ofxGui\src\ofxSliderGroup.h">
      <Filter>addons\ofxGui\src</Filter>
    </ClInclude>
    <ClInclude Include="..\..\..\addons\ofxGui\src\ofxToggle.h">
      <Filter>addons\ofxGui\src</Filter>
    </ClInclude>
    <ClInclude Include="src\image\imageManager.h">
      <Filter>src\image</Filter>
    </ClInclude>
    <ClInclude Include="src\app\application.h">
      <Filter>src\app</Filter>
    </ClInclude>
    <ClInclude Include="src\rendering\renderer.h">
      <Filter>src\rendering</Filter>
    </ClInclude>
    <ClInclude Include="src\rendering\shaderManager.h">
      <Filter>src\rendering</Filter>
    </ClInclude>
    <ClInclude Include="src\ui\uiWindow.h">
      <Filter>src\ui</Filter>
    </ClInclude>
    <ClInclude Include="src\objects\shapeManager.h">
      <Filter>src\objects</Filter>
    </ClInclude>
    <ClInclude Include="src\objects\shapeManager3D.h">
      <Filter>src\objects</Filter>
    </ClInclude>
    <ClInclude Include="src\objects\shape.h">
      <Filter>src\objects</Filter>
    </ClInclude>
    <ClInclude Include="src\objects\BezierCurve.h">
      <Filter>src\objects</Filter>
    </ClInclude>
    <ClInclude Include="src\objects\curveManager.h">
      <Filter>src\objects</Filter>
    </ClInclude>
    <ClInclude Include="src\objects\controlPointsManager.h">
      <Filter>src\objects</Filter>
    </ClInclude>
    <ClInclude Include="src\controllers\imageController.h">
      <Filter>src\controllers</Filter>
    </ClInclude>
    <ClInclude Include="src\controllers\sceneController.h">
      <Filter>src\controllers</Filter>
    </ClInclude>
    <ClInclude Include="src\controllers\transformController.h">
      <Filter>src\controllers</Filter>
    </ClInclude>
    <ClInclude Include="src\objects\sceneGraph.h">
      <Filter>src\objects</Filter>
    </ClInclude>
    <ClInclude Include="src\rendering\camera\cameraManager.h">
      <Filter>src\rendering\camera</Filter>
    </ClInclude>
    <ClInclude Include="src\rendering\curves\bezierCurveRenderer.h">
      <Filter>src\rendering\curves</Filter>
    </ClInclude>
    <ClInclude Include="src\rendering\curves\controlPointsRenderer.h">
      <Filter>src\rendering\curves</Filter>
    </ClInclude>
    <ClInclude Include="src\rendering\curves\curvesRenderer.h">
      <Filter>src\rendering\curves</Filter>
    </ClInclude>
    <ClInclude Include="src\rendering\image\imageRenderer.h">
      <Filter>src\rendering\image</Filter>
    </ClInclude>
    <ClInclude Include="src\rendering\scene\sceneRenderer.h">
      <Filter>src\rendering\scene</Filter>
    </ClInclude>
    <ClInclude Include="src\rendering\shapes\shape2DRenderer.h">
      <Filter>src\rendering\shapes</Filter>
    </ClInclude>
    <ClInclude Include="src\rendering\shapes\shape3DRenderer.h">
      <Filter>src\rendering\shapes</Filter>
    </ClInclude>
    <ClInclude Include="src\rendering\renderData.h">
      <Filter>src\rendering</Filter>
    </ClInclude>
    <ClInclude Include="src\services\transformService.h">
      <Filter>src\services</Filter>
    </ClInclude>
    <ClInclude Include="src\services\selectionService.h">
      <Filter>src\services</Filter>
    </ClInclude>
    <ClInclude Include="src\ui\panels\curvesPanel.h">
      <Filter>src\ui\panels</Filter>
    </ClInclude>
    <ClInclude Include="src\ui\panels\drawingPanel.h">
      <Filter>src\ui\panels</Filter>
    </ClInclude>
    <ClInclude Include="src\ui\panels\drawingParametersPanel.h">
      <Filter>src\ui\panels</Filter>
    </ClInclude>
    <ClInclude Include="src\ui\panels\imagePanel.h">
      <Filter>src\ui\panels</Filter>
    </ClInclude>
    <ClInclude Include="src\ui\panels\infoPanel.h">
      <Filter>src\ui\panels</Filter>
    </ClInclude>
    <ClInclude Include="src\ui\panels\transformPanel.h">
      <Filter>src\ui\panels</Filter>
    </ClInclude>
    <ClInclude Include="src\ui\panels\vectorEditionPanel.h">
      <Filter>src\ui\panels</Filter>
    </ClInclude>
    <ClInclude Include="src\ui\panels\3dEdition\cameraPanel.h">
      <Filter>src\ui\panels\3dEdition</Filter>
    </ClInclude>
    <ClInclude Include="src\ui\panels\3dEdition\geometry3DPanel.h">
      <Filter>src\ui\panels\3dEdition</Filter>
    </ClInclude>
    <ClInclude Include="src\ui\panels\3dEdition\lightingPanel.h">
      <Filter>src\ui\panels\3dEdition</Filter>
    </ClInclude>
    <ClInclude Include="src\ui\panels\3dEdition\rayTracingPanel.h">
      <Filter>src\ui\panels\3dEdition</Filter>
    </ClInclude>
    <ClInclude Include="src\ui\panels\3dEdition\sceneAssetsPanel.h">
      <Filter>src\ui\panels\3dEdition</Filter>
    </ClInclude>
    <ClInclude Include="src\ui\panels\3dEdition\texture3DPanel.h">
      <Filter>src\ui\panels\3dEdition</Filter>
    </ClInclude>
    <ClInclude Include="src\ui\panels\3dEdition\topologyPanel.h">
      <Filter>src\ui\panels\3dEdition</Filter>
    </ClInclude>
    <ClInclude Include="src\ui\panels\3dEdition\transformation3DPanel.h">
      <Filter>src\ui\panels\3dEdition</Filter>
    </ClInclude>
    <ClInclude Include="src\ui\panels\view3DPanel.h">
      <Filter>src\ui\panels</Filter>
    </ClInclude>
    <ClInclude Include="src\utils\Model3DImportManager.h">
      <Filter>src\utils</Filter>
    </ClInclude>
    <ClInclude Include="src\objects\lightingManager.h">
      <Filter>src\objects</Filter>
    </ClInclude>
    <ClInclude Include="src\controllers\lightingController.h">
      <Filter>src\controllers</Filter>
    </ClInclude>
    <ClInclude Include="src\image\imageFilters.h">
      <Filter>src\image</Filter>
    </ClInclude>
  </ItemGroup>
  <ItemGroup>
    <ResourceCompile Include="icon.rc" />
  </ItemGroup>
  <ItemGroup>
    <None Include=".gitignore" />
    <None Include="src\rendering\shaders\lighting.frag">
      <Filter>src\rendering\shaders</Filter>
    </None>
    <None Include="src\rendering\shaders\lighting.vert">
      <Filter>src\rendering\shaders</Filter>
    </None>
  </ItemGroup>
</Project>